
Microsoft Visual Studio Solution File, Format Version 12.00
Project("{FAE04EC0-301F-11D3-BF4B-00C04F79EFBC}") = "AdcDacConversion", "AdcDacConversion\AdcDacConversion.csproj", "{3EE4050E-25D2-442C-9CB5-BC7AB0D4ACF1}"
EndProject
Global
	GlobalSection(SolutionConfigurationPlatforms) = preSolution
		Debug|Any CPU = Debug|Any CPU
		Release|Any CPU = Release|Any CPU
	EndGlobalSection
	GlobalSection(ProjectConfigurationPlatforms) = postSolution
		{3EE4050E-25D2-442C-9CB5-BC7AB0D4ACF1}.Debug|Any CPU.ActiveCfg = Debug|Any CPU
		{3EE4050E-25D2-442C-9CB5-BC7AB0D4ACF1}.Debug|Any CPU.Build.0 = Debug|Any CPU
		{3EE4050E-25D2-442C-9CB5-BC7AB0D4ACF1}.Release|Any CPU.ActiveCfg = Release|Any CPU
		{3EE4050E-25D2-442C-9CB5-BC7AB0D4ACF1}.Release|Any CPU.Build.0 = Release|Any CPU
	EndGlobalSection
EndGlobal
